// !$*UTF8*$!
{
	archiveVersion = 1;
	classes = {
	};
	objectVersion = 48;
	objects = {

/* Begin PBXBuildFile section */
		718365D41FFE98B90071D5B3 /* AppDelegate.swift in Sources */ = {isa = PBXBuildFile; fileRef = 718365D31FFE98B90071D5B3 /* AppDelegate.swift */; };
		718365D61FFE98B90071D5B3 /* ARSceneViewController.swift in Sources */ = {isa = PBXBuildFile; fileRef = 718365D51FFE98B90071D5B3 /* ARSceneViewController.swift */; };
		718365D91FFE98B90071D5B3 /* Main.storyboard in Resources */ = {isa = PBXBuildFile; fileRef = 718365D71FFE98B90071D5B3 /* Main.storyboard */; };
		718365DB1FFE98B90071D5B3 /* Assets.xcassets in Resources */ = {isa = PBXBuildFile; fileRef = 718365DA1FFE98B90071D5B3 /* Assets.xcassets */; };
		718365DE1FFE98B90071D5B3 /* LaunchScreen.storyboard in Resources */ = {isa = PBXBuildFile; fileRef = 718365DC1FFE98B90071D5B3 /* LaunchScreen.storyboard */; };
/* End PBXBuildFile section */

/* Begin PBXFileReference section */
		718365D01FFE98B90071D5B3 /* BasicARScene.app */ = {isa = PBXFileReference; explicitFileType = wrapper.application; includeInIndex = 0; path = BasicARScene.app; sourceTree = BUILT_PRODUCTS_DIR; };
		718365D31FFE98B90071D5B3 /* AppDelegate.swift */ = {isa = PBXFileReference; lastKnownFileType = sourcecode.swift; path = AppDelegate.swift; sourceTree = "<group>"; };
		718365D51FFE98B90071D5B3 /* ARSceneViewController.swift */ = {isa = PBXFileReference; lastKnownFileType = sourcecode.swift; path = ARSceneViewController.swift; sourceTree = "<group>"; };
		718365D81FFE98B90071D5B3 /* Base */ = {isa = PBXFileReference; lastKnownFileType = file.storyboard; name = Base; path = Base.lproj/Main.storyboard; sourceTree = "<group>"; };
		718365DA1FFE98B90071D5B3 /* Assets.xcassets */ = {isa = PBXFileReference; lastKnownFileType = folder.assetcatalog; path = Assets.xcassets; sourceTree = "<group>"; };
		718365DD1FFE98B90071D5B3 /* Base */ = {isa = PBXFileReference; lastKnownFileType = file.storyboard; name = Base; path = Base.lproj/LaunchScreen.storyboard; sourceTree = "<group>"; };
		718365DF1FFE98B90071D5B3 /* Info.plist */ = {isa = PBXFileReference; lastKnownFileType = text.plist.xml; path = Info.plist; sourceTree = "<group>"; };
/* End PBXFileReference section */

/* Begin PBXFrameworksBuildPhase section */
		718365CD1FFE98B90071D5B3 /* Frameworks */ = {
			isa = PBXFrameworksBuildPhase;
			buildActionMask = 2147483647;
			files = (
			);
			runOnlyForDeploymentPostprocessing = 0;
		};
/* End PBXFrameworksBuildPhase section */

/* Begin PBXGroup section */
		718365C71FFE98B90071D5B3 = {
			isa = PBXGroup;
			children = (
				718365D21FFE98B90071D5B3 /* BasicARScene */,
				718365D11FFE98B90071D5B3 /* Products */,
			);
			sourceTree = "<group>";
		};
		718365D11FFE98B90071D5B3 /* Products */ = {
			isa = PBXGroup;
			children = (
				718365D01FFE98B90071D5B3 /* BasicARScene.app */,
			);
			name = Products;
			sourceTree = "<group>";
		};
		718365D21FFE98B90071D5B3 /* BasicARScene */ = {
			isa = PBXGroup;
			children = (
				718365D31FFE98B90071D5B3 /* AppDelegate.swift */,
				718365D51FFE98B90071D5B3 /* ARSceneViewController.swift */,
				718365D71FFE98B90071D5B3 /* Main.storyboard */,
				718365DA1FFE98B90071D5B3 /* Assets.xcassets */,
				718365DC1FFE98B90071D5B3 /* LaunchScreen.storyboard */,
				718365DF1FFE98B90071D5B3 /* Info.plist */,
			);
			path = BasicARScene;
			sourceTree = "<group>";
		};
/* End PBXGroup section */

/* Begin PBXNativeTarget section */
		718365CF1FFE98B90071D5B3 /* BasicARScene */ = {
			isa = PBXNativeTarget;
			buildConfigurationList = 718365E21FFE98B90071D5B3 /* Build configuration list for PBXNativeTarget "BasicARScene" */;
			buildPhases = (
				718365CC1FFE98B90071D5B3 /* Sources */,
				718365CD1FFE98B90071D5B3 /* Frameworks */,
				718365CE1FFE98B90071D5B3 /* Resources */,
			);
			buildRules = (
			);
			dependencies = (
			);
			name = BasicARScene;
			productName = BasicARScene;
			productReference = 718365D01FFE98B90071D5B3 /* BasicARScene.app */;
			productType = "com.apple.product-type.application";
		};
/* End PBXNativeTarget section */

/* Begin PBXProject section */
		718365C81FFE98B90071D5B3 /* Project object */ = {
			isa = PBXProject;
			attributes = {
				LastSwiftUpdateCheck = 0920;
				LastUpgradeCheck = 0920;
				ORGANIZATIONNAME = ray;
				TargetAttributes = {
					718365CF1FFE98B90071D5B3 = {
						CreatedOnToolsVersion = 9.2;
						ProvisioningStyle = Automatic;
					};
				};
			};
			buildConfigurationList = 718365CB1FFE98B90071D5B3 /* Build configuration list for PBXProject "BasicARScene" */;
			compatibilityVersion = "Xcode 8.0";
			developmentRegion = en;
			hasScannedForEncodings = 0;
			knownRegions = (
				en,
				Base,
			);
			mainGroup = 718365C71FFE98B90071D5B3;
			productRefGroup = 718365D11FFE98B90071D5B3 /* Products */;
			projectDirPath = "";
			projectRoot = "";
			targets = (
				718365CF1FFE98B90071D5B3 /* BasicARScene */,
			);
		};
/* End PBXProject section */

/* Begin PBXResourcesBuildPhase section */
		718365CE1FFE98B90071D5B3 /* Resources */ = {
			isa = PBXResourcesBuildPhase;
			buildActionMask = 2147483647;
			files = (
				718365DE1FFE98B90071D5B3 /* LaunchScreen.storyboard in Resources */,
				718365DB1FFE98B90071D5B3 /* Assets.xcassets in Resources */,
				718365D91FFE98B90071D5B3 /* Main.storyboard in Resources */,
			);
			runOnlyForDeploymentPostprocessing = 0;
		};
/* End PBXResourcesBuildPhase section */

/* Begin PBXSourcesBuildPhase section */
		718365CC1FFE98B90071D5B3 /* Sources */ = {
			isa = PBXSourcesBuildPhase;
			buildActionMask = 2147483647;
			files = (
				718365D61FFE98B90071D5B3 /* ARSceneViewController.swift in Sources */,
				718365D41FFE98B90071D5B3 /* AppDelegate.swift in Sources */,
			);
			runOnlyForDeploymentPostprocessing = 0;
		};
/* End PBXSourcesBuildPhase section */

/* Begin PBXVariantGroup section */
		718365D71FFE98B90071D5B3 /* Main.storyboard */ = {
			isa = PBXVariantGroup;
			children = (
				718365D81FFE98B90071D5B3 /* Base */,
			);
			name = Main.storyboard;
			sourceTree = "<group>";
		};
		718365DC1FFE98B90071D5B3 /* LaunchScreen.storyboard */ = {
			isa = PBXVariantGroup;
			children = (
				718365DD1FFE98B90071D5B3 /* Base */,
			);
			name = LaunchScreen.storyboard;
			sourceTree = "<group>";
		};
/* End PBXVariantGroup section */

/* Begin XCBuildConfiguration section */
		718365E01FFE98B90071D5B3 /* Debug */ = {
			isa = XCBuildConfiguration;
			buildSettings = {
				ALWAYS_SEARCH_USER_PATHS = NO;
				CLANG_ANALYZER_NONNULL = YES;
				CLANG_ANALYZER_NUMBER_OBJECT_CONVERSION = YES_AGGRESSIVE;
				CLANG_CXX_LANGUAGE_STANDARD = "gnu++14";
				CLANG_CXX_LIBRARY = "libc++";
				CLANG_ENABLE_MODULES = YES;
				CLANG_ENABLE_OBJC_ARC = YES;
				CLANG_WARN_BLOCK_CAPTURE_AUTORELEASING = YES;
				CLANG_WARN_BOOL_CONVERSION = YES;
				CLANG_WARN_COMMA = YES;
				CLANG_WARN_CONSTANT_CONVERSION = YES;
				CLANG_WARN_DIRECT_OBJC_ISA_USAGE = YES_ERROR;
				CLANG_WARN_DOCUMENTATION_COMMENTS = YES;
				CLANG_WARN_EMPTY_BODY = YES;
				CLANG_WARN_ENUM_CONVERSION = YES;
				CLANG_WARN_INFINITE_RECURSION = YES;
				CLANG_WARN_INT_CONVERSION = YES;
				CLANG_WARN_NON_LITERAL_NULL_CONVERSION = YES;
				CLANG_WARN_OBJC_LITERAL_CONVERSION = YES;
				CLANG_WARN_OBJC_ROOT_CLASS = YES_ERROR;
				CLANG_WARN_RANGE_LOOP_ANALYSIS = YES;
				CLANG_WARN_STRICT_PROTOTYPES = YES;
				CLANG_WARN_SUSPICIOUS_MOVE = YES;
				CLANG_WARN_UNGUARDED_AVAILABILITY = YES_AGGRESSIVE;
				CLANG_WARN_UNREACHABLE_CODE = YES;
				CLANG_WARN__DUPLICATE_METHOD_MATCH = YES;
				CODE_SIGN_IDENTITY = "iPhone Developer";
				COPY_PHASE_STRIP = NO;
				DEBUG_INFORMATION_FORMAT = dwarf;
				ENABLE_STRICT_OBJC_MSGSEND = YES;
				ENABLE_TESTABILITY = YES;
				GCC_C_LANGUAGE_STANDARD = gnu11;
				GCC_DYNAMIC_NO_PIC = NO;
				GCC_NO_COMMON_BLOCKS = YES;
				GCC_OPTIMIZATION_LEVEL = 0;
				GCC_PREPROCESSOR_DEFINITIONS = (
					"DEBUG=1",
					"$(inherited)",
				);
				GCC_WARN_64_TO_32_BIT_CONVERSION = YES;
				GCC_WARN_ABOUT_RETURN_TYPE = YES_ERROR;
				GCC_WARN_UNDECLARED_SELECTOR = YES;
				GCC_WARN_UNINITIALIZED_AUTOS = YES_AGGRESSIVE;
				GCC_WARN_UNUSED_FUNCTION = YES;
				GCC_WARN_UNUSED_VARIABLE = YES;
				IPHONEOS_DEPLOYMENT_TARGET = 11.2;
				MTL_ENABLE_DEBUG_INFO = YES;
				ONLY_ACTIVE_ARCH = YES;
				SDKROOT = iphoneos;
				SWIFT_ACTIVE_COMPILATION_CONDITIONS = DEBUG;
				SWIFT_OPTIMIZATION_LEVEL = "-Onone";
			};
			name = Debug;
		};
		718365E11FFE98B90071D5B3 /* Release */ = {
			isa = XCBuildConfiguration;
			buildSettings = {
				ALWAYS_SEARCH_USER_PATHS = NO;
				CLANG_ANALYZER_NONNULL = YES;
				CLANG_ANALYZER_NUMBER_OBJECT_CONVERSION = YES_AGGRESSIVE;
				CLANG_CXX_LANGUAGE_STANDARD = "gnu++14";
				CLANG_CXX_LIBRARY = "libc++";
				CLANG_ENABLE_MODULES = YES;
				CLANG_ENABLE_OBJC_ARC = YES;
				CLANG_WARN_BLOCK_CAPTURE_AUTORELEASING = YES;
				CLANG_WARN_BOOL_CONVERSION = YES;
				CLANG_WARN_COMMA = YES;
				CLANG_WARN_CONSTANT_CONVERSION = YES;
				CLANG_WARN_DIRECT_OBJC_ISA_USAGE = YES_ERROR;
				CLANG_WARN_DOCUMENTATION_COMMENTS = YES;
				CLANG_WARN_EMPTY_BODY = YES;
				CLANG_WARN_ENUM_CONVERSION = YES;
				CLANG_WARN_INFINITE_RECURSION = YES;
				CLANG_WARN_INT_CONVERSION = YES;
				CLANG_WARN_NON_LITERAL_NULL_CONVERSION = YES;
				CLANG_WARN_OBJC_LITERAL_CONVERSION = YES;
				CLANG_WARN_OBJC_ROOT_CLASS = YES_ERROR;
				CLANG_WARN_RANGE_LOOP_ANALYSIS = YES;
				CLANG_WARN_STRICT_PROTOTYPES = YES;
				CLANG_WARN_SUSPICIOUS_MOVE = YES;
				CLANG_WARN_UNGUARDED_AVAILABILITY = YES_AGGRESSIVE;
				CLANG_WARN_UNREACHABLE_CODE = YES;
				CLANG_WARN__DUPLICATE_METHOD_MATCH = YES;
				CODE_SIGN_IDENTITY = "iPhone Developer";
				COPY_PHASE_STRIP = NO;
				DEBUG_INFORMATION_FORMAT = "dwarf-with-dsym";
				ENABLE_NS_ASSERTIONS = NO;
				ENABLE_STRICT_OBJC_MSGSEND = YES;
				GCC_C_LANGUAGE_STANDARD = gnu11;
				GCC_NO_COMMON_BLOCKS = YES;
				GCC_WARN_64_TO_32_BIT_CONVERSION = YES;
				GCC_WARN_ABOUT_RETURN_TYPE = YES_ERROR;
				GCC_WARN_UNDECLARED_SELECTOR = YES;
				GCC_WARN_UNINITIALIZED_AUTOS = YES_AGGRESSIVE;
				GCC_WARN_UNUSED_FUNCTION = YES;
				GCC_WARN_UNUSED_VARIABLE = YES;
				IPHONEOS_DEPLOYMENT_TARGET = 11.2;
				MTL_ENABLE_DEBUG_INFO = NO;
				SDKROOT = iphoneos;
				SWIFT_OPTIMIZATION_LEVEL = "-Owholemodule";
				VALIDATE_PRODUCT = YES;
			};
			name = Release;
		};
		718365E31FFE98B90071D5B3 /* Debug */ = {
			isa = XCBuildConfiguration;
			buildSettings = {
				ASSETCATALOG_COMPILER_APPICON_NAME = AppIcon;
				CODE_SIGN_STYLE = Automatic;
				DEVELOPMENT_TEAM = 45LN4MT8QR;
				INFOPLIST_FILE = BasicARScene/Info.plist;
				LD_RUNPATH_SEARCH_PATHS = "$(inherited) @executable_path/Frameworks";
				PRODUCT_BUNDLE_IDENTIFIER = ray.BasicARScene;
				PRODUCT_NAME = "$(TARGET_NAME)";
				SWIFT_VERSION = 4.0;
				TARGETED_DEVICE_FAMILY = "1,2";
			};
			name = Debug;
		};
		718365E41FFE98B90071D5B3 /* Release */ = {
			isa = XCBuildConfiguration;
			buildSettings = {
				ASSETCATALOG_COMPILER_APPICON_NAME = AppIcon;
				CODE_SIGN_STYLE = Automatic;
				DEVELOPMENT_TEAM = 45LN4MT8QR;
				INFOPLIST_FILE = BasicARScene/Info.plist;
				LD_RUNPATH_SEARCH_PATHS = "$(inherited) @executable_path/Frameworks";
				PRODUCT_BUNDLE_IDENTIFIER = ray.BasicARScene;
				PRODUCT_NAME = "$(TARGET_NAME)";
				SWIFT_VERSION = 4.0;
				TARGETED_DEVICE_FAMILY = "1,2";
			};
			name = Release;
		};
/* End XCBuildConfiguration section */

/* Begin XCConfigurationList section */
		718365CB1FFE98B90071D5B3 /* Build configuration list for PBXProject "BasicARScene" */ = {
			isa = XCConfigurationList;
			buildConfigurations = (
				718365E01FFE98B90071D5B3 /* Debug */,
				718365E11FFE98B90071D5B3 /* Release */,
			);
			defaultConfigurationIsVisible = 0;
			defaultConfigurationName = Release;
		};
		718365E21FFE98B90071D5B3 /* Build configuration list for PBXNativeTarget "BasicARScene" */ = {
			isa = XCConfigurationList;
			buildConfigurations = (
				718365E31FFE98B90071D5B3 /* Debug */,
				718365E41FFE98B90071D5B3 /* Release */,
			);
			defaultConfigurationIsVisible = 0;
			defaultConfigurationName = Release;
		};
/* End XCConfigurationList section */
	};
	rootObject = 718365C81FFE98B90071D5B3 /* Project object */;
}
